
Microsoft Visual Studio Solution File, Format Version 12.00
# Visual Studio 2012
Project("{FAE04EC0-301F-11D3-BF4B-00C04F79EFBC}") = "CalcService", "MiniPricerRefactoring\CalcService.csproj", "{B16297A8-9199-4340-AEC2-0D141B75A350}"
EndProject
Project("{FAE04EC0-301F-11D3-BF4B-00C04F79EFBC}") = "Panama", "Panama\Panama.csproj", "{4DCF389E-DFB8-4411-BA00-68622BCD5C28}"
EndProject
Global
	GlobalSection(SolutionConfigurationPlatforms) = preSolution
		Debug|Any CPU = Debug|Any CPU
		Release|Any CPU = Release|Any CPU
	EndGlobalSection
	GlobalSection(ProjectConfigurationPlatforms) = postSolution
		{B16297A8-9199-4340-AEC2-0D141B75A350}.Debug|Any CPU.ActiveCfg = Debug|Any CPU
		{B16297A8-9199-4340-AEC2-0D141B75A350}.Debug|Any CPU.Build.0 = Debug|Any CPU
		{B16297A8-9199-4340-AEC2-0D141B75A350}.Release|Any CPU.ActiveCfg = Release|Any CPU
		{B16297A8-9199-4340-AEC2-0D141B75A350}.Release|Any CPU.Build.0 = Release|Any CPU
		{4DCF389E-DFB8-4411-BA00-68622BCD5C28}.Debug|Any CPU.ActiveCfg = Debug|Any CPU
		{4DCF389E-DFB8-4411-BA00-68622BCD5C28}.Debug|Any CPU.Build.0 = Debug|Any CPU
		{4DCF389E-DFB8-4411-BA00-68622BCD5C28}.Release|Any CPU.ActiveCfg = Release|Any CPU
		{4DCF389E-DFB8-4411-BA00-68622BCD5C28}.Release|Any CPU.Build.0 = Release|Any CPU
	EndGlobalSection
	GlobalSection(SolutionProperties) = preSolution
		HideSolutionNode = FALSE
	EndGlobalSection
EndGlobal
